
Microsoft Visual Studio Solution File, Format Version 12.00
# Visual Studio Version 16
VisualStudioVersion = 16.0.33529.622
MinimumVisualStudioVersion = 10.0.40219.1
Project("{FAE04EC0-301F-11D3-BF4B-00C04F79EFBC}") = "TestBlock", "TestBlock\TestBlock.csproj", "{46593985-DC1D-4178-89EF-EEB202A7859A}"
EndProject
Global
	GlobalSection(SolutionConfigurationPlatforms) = preSolution
		Debug|Any CPU = Debug|Any CPU
		Release|Any CPU = Release|Any CPU
	EndGlobalSection
	GlobalSection(ProjectConfigurationPlatforms) = postSolution
		{46593985-DC1D-4178-89EF-EEB202A7859A}.Debug|Any CPU.ActiveCfg = Debug|Any CPU
		{46593985-DC1D-4178-89EF-EEB202A7859A}.Debug|Any CPU.Build.0 = Debug|Any CPU
		{46593985-DC1D-4178-89EF-EEB202A7859A}.Release|Any CPU.ActiveCfg = Release|Any CPU
		{46593985-DC1D-4178-89EF-EEB202A7859A}.Release|Any CPU.Build.0 = Release|Any CPU
	EndGlobalSection
	GlobalSection(SolutionProperties) = preSolution
		HideSolutionNode = FALSE
	EndGlobalSection
	GlobalSection(ExtensibilityGlobals) = postSolution
		SolutionGuid = {7C1395F6-EF6C-41EB-8D6F-2E1DA443D031}
	EndGlobalSection
EndGlobal
